
Microsoft Visual Studio Solution File, Format Version 12.00
# Visual Studio Version 17
VisualStudioVersion = 17.1.32319.34
MinimumVisualStudioVersion = 10.0.40219.1
Project("{FAE04EC0-301F-11D3-BF4B-00C04F79EFBC}") = "HWork", "HWork\HWork.csproj", "{594ACE5F-BA31-429E-A280-B2FBBC3F222C}"
EndProject
Global
	GlobalSection(SolutionConfigurationPlatforms) = preSolution
		Debug|Any CPU = Debug|Any CPU
		Release|Any CPU = Release|Any CPU
	EndGlobalSection
	GlobalSection(ProjectConfigurationPlatforms) = postSolution
		{594ACE5F-BA31-429E-A280-B2FBBC3F222C}.Debug|Any CPU.ActiveCfg = Debug|Any CPU
		{594ACE5F-BA31-429E-A280-B2FBBC3F222C}.Debug|Any CPU.Build.0 = Debug|Any CPU
		{594ACE5F-BA31-429E-A280-B2FBBC3F222C}.Release|Any CPU.ActiveCfg = Release|Any CPU
		{594ACE5F-BA31-429E-A280-B2FBBC3F222C}.Release|Any CPU.Build.0 = Release|Any CPU
	EndGlobalSection
	GlobalSection(SolutionProperties) = preSolution
		HideSolutionNode = FALSE
	EndGlobalSection
	GlobalSection(ExtensibilityGlobals) = postSolution
		SolutionGuid = {35089546-3E34-4C6E-8C2F-26E79F818F1D}
	EndGlobalSection
EndGlobal
